<?xml version="1.0" encoding="utf-8"?>
<Project ToolsVersion="4.0" xmlns="http://schemas.microsoft.com/developer/msbuild/2003">
  <ItemGroup>
    <Filter Include="Source Files">
      <UniqueIdentifier>{4FC737F1-C7A5-4376-A066-2A32D752A2FF}</UniqueIdentifier>
      <Extensions>cpp;c;cc;cxx;def;odl;idl;hpj;bat;asm;asmx</Extensions>
    </Filter>
    <Filter Include="Header Files">
      <UniqueIdentifier>{93995380-89BD-4b04-88EB-625FBE52EBFB}</UniqueIdentifier>
      <Extensions>h;hpp;hxx;hm;inl;inc;xsd</Extensions>
    </Filter>
    <Filter Include="Resource Files">
      <UniqueIdentifier>{67DA6AB6-F800-4c08-8B7A-83BB121AAD01}</UniqueIdentifier>
      <Extensions>rc;ico;cur;bmp;dlg;rc2;rct;bin;rgs;gif;jpg;jpeg;jpe;resx;tiff;tif;png;wav;mfcribbon-ms</Extensions>
    </Filter>
    <Filter Include="core">
      <UniqueIdentifier>{b030153b-0d2f-4334-abf7-85aac96c2b49}</UniqueIdentifier>
    </Filter>
    <Filter Include="algorithms">
      <UniqueIdentifier>{fc5b1c4a-68d5-47d3-926c-330a6a2e0167}</UniqueIdentifier>
    </Filter>
    <Filter Include="algorithms\segmentation">
      <UniqueIdentifier>{c3e57613-7ea3-43fd-a9d7-4683b8bf8b9b}</UniqueIdentifier>
    </Filter>
    <Filter Include="algorithms\tracking">
      <UniqueIdentifier>{f3fe2189-d954-4e76-a0fa-768c87e0a9a5}</UniqueIdentifier>
    </Filter>
    <Filter Include="core\types">
      <UniqueIdentifier>{317cd825-25f8-4e1f-8fa8-a49448969ca3}</UniqueIdentifier>
    </Filter>
    <Filter Include="others">
      <UniqueIdentifier>{16668cb1-1cd4-458d-89d2-ea3f2a8f14b6}</UniqueIdentifier>
    </Filter>
    <Filter Include="core\geometrics">
      <UniqueIdentifier>{94fd7514-4721-438b-8706-95bc9287965a}</UniqueIdentifier>
    </Filter>
    <Filter Include="core\math">
      <UniqueIdentifier>{25449f5c-6479-4f55-aeb4-81832c9b6f98}</UniqueIdentifier>
    </Filter>
    <Filter Include="core\time">
      <UniqueIdentifier>{58247cb6-22d3-4ef2-ad2e-0c3e5e9fa141}</UniqueIdentifier>
    </Filter>
    <Filter Include="algorithms\state_estimators">
      <UniqueIdentifier>{3d69456d-e187-4940-954e-74ed72450f62}</UniqueIdentifier>
    </Filter>
    <Filter Include="core\comm">
      <UniqueIdentifier>{b50b6974-3104-4848-9c1a-411842cac3a3}</UniqueIdentifier>
    </Filter>
  </ItemGroup>
  <ItemGroup>
    <ClCompile Include="..\..\source\core\types\ColorSpaceHSV8.cpp">
      <Filter>core\types</Filter>
    </ClCompile>
    <ClCompile Include="..\..\source\algorithms\segmentation\SegmentedRLEObject.cpp">
      <Filter>algorithms\segmentation</Filter>
    </ClCompile>
    <ClCompile Include="..\..\source\main.cpp">
      <Filter>Source Files</Filter>
    </ClCompile>
    <ClCompile Include="..\..\source\core\types\ColorClusterSpace.cpp">
      <Filter>core\types</Filter>
    </ClCompile>
    <ClCompile Include="..\..\source\core\time\time.cpp">
      <Filter>core\time</Filter>
    </ClCompile>
    <ClCompile Include="..\..\source\TestMatrix.cpp">
      <Filter>Source Files</Filter>
    </ClCompile>
    <ClCompile Include="..\..\source\TestSegmentation.cpp">
      <Filter>Source Files</Filter>
    </ClCompile>
    <ClCompile Include="..\..\source\algorithms\state_estimators\ExtendedKalmanFilter.cpp">
      <Filter>algorithms\state_estimators</Filter>
    </ClCompile>
    <ClCompile Include="..\..\source\algorithms\state_estimators\StereoVisionEKF.cpp">
      <Filter>algorithms\state_estimators</Filter>
    </ClCompile>
    <ClCompile Include="..\..\source\core\comm\ServerSocket.cpp">
      <Filter>core\comm</Filter>
    </ClCompile>
    <ClCompile Include="..\..\source\core\comm\ClientSocket.cpp">
      <Filter>core\comm</Filter>
    </ClCompile>
    <ClCompile Include="..\..\source\testSocketClient.cpp">
      <Filter>Source Files</Filter>
    </ClCompile>
    <ClCompile Include="..\..\source\testSocketsServer.cpp">
      <Filter>Source Files</Filter>
    </ClCompile>
  </ItemGroup>
  <ItemGroup>
    <ClInclude Include="..\..\source\core\types\BasicTypes.h">
      <Filter>core\types</Filter>
    </ClInclude>
    <ClInclude Include="..\..\source\core\types\ColorClusterSpace.h">
      <Filter>core\types</Filter>
    </ClInclude>
    <ClInclude Include="..\..\source\core\types\Colors.h">
      <Filter>core\types</Filter>
    </ClInclude>
    <ClInclude Include="..\..\source\core\types\ColorSpaceHSV8.h">
      <Filter>core\types</Filter>
    </ClInclude>
    <ClInclude Include="..\..\source\algorithms\segmentation\ColorClustering.h">
      <Filter>algorithms\segmentation</Filter>
    </ClInclude>
    <ClInclude Include="..\..\source\algorithms\segmentation\SegmentedRLEObject.h">
      <Filter>algorithms\segmentation</Filter>
    </ClInclude>
    <ClInclude Include="..\..\source\core\geometrics\Geometrics.h">
      <Filter>core\geometrics</Filter>
    </ClInclude>
    <ClInclude Include="..\..\source\core\math\Matrix.h">
      <Filter>core\math</Filter>
    </ClInclude>
    <ClInclude Include="..\..\source\core\time\time.h">
      <Filter>core\time</Filter>
    </ClInclude>
    <ClInclude Include="..\..\source\TestMatrix.h">
      <Filter>Header Files</Filter>
    </ClInclude>
    <ClInclude Include="..\..\source\TestSegmentation.h">
      <Filter>Header Files</Filter>
    </ClInclude>
    <ClInclude Include="..\..\source\algorithms\state_estimators\ExtendedKalmanFilter.h">
      <Filter>algorithms\state_estimators</Filter>
    </ClInclude>
    <ClInclude Include="..\..\source\algorithms\state_estimators\StereoVisionEKF.h">
      <Filter>algorithms\state_estimators</Filter>
    </ClInclude>
    <ClInclude Include="..\..\source\core\comm\ServerSocket.h">
      <Filter>core\comm</Filter>
    </ClInclude>
    <ClInclude Include="..\..\source\testSocketsServer.h">
      <Filter>Header Files</Filter>
    </ClInclude>
    <ClInclude Include="..\..\source\core\comm\ClientSocket.h">
      <Filter>core\comm</Filter>
    </ClInclude>
    <ClInclude Include="..\..\source\testSocketClient.h">
      <Filter>Header Files</Filter>
    </ClInclude>
    <ClInclude Include="..\..\source\core\comm\Socket.h">
      <Filter>core\comm</Filter>
    </ClInclude>
  </ItemGroup>
  <ItemGroup>
    <Text Include="..\..\README.txt">
      <Filter>others</Filter>
    </Text>
  </ItemGroup>
</Project>