
Microsoft Visual Studio Solution File, Format Version 12.00
# Visual Studio 2013
VisualStudioVersion = 12.0.21005.1
MinimumVisualStudioVersion = 10.0.40219.1
Project("{8BC9CEB8-8B4A-11D0-8D11-00A0C91BC942}") = "EC-SAFEMOBIL_quad_Tracking_Ground_Objects", "EC-SAFEMOBIL_quad_Tracking_Ground_Objects.vcxproj", "{9DA53BE2-5429-4EDA-B4D3-603EA9EEB9A8}"
EndProject
Project("{8BC9CEB8-8B4A-11D0-8D11-00A0C91BC942}") = "BOViL", "..\..\..\..\..\..\library\prj\vs13\BOVIL.vcxproj", "{A37D6EF8-CB7D-4CE2-AC73-5D1ACE39A833}"
EndProject
Global
	GlobalSection(SolutionConfigurationPlatforms) = preSolution
		Debug|Win32 = Debug|Win32
		Release|Win32 = Release|Win32
	EndGlobalSection
	GlobalSection(ProjectConfigurationPlatforms) = postSolution
		{9DA53BE2-5429-4EDA-B4D3-603EA9EEB9A8}.Debug|Win32.ActiveCfg = Debug|Win32
		{9DA53BE2-5429-4EDA-B4D3-603EA9EEB9A8}.Debug|Win32.Build.0 = Debug|Win32
		{9DA53BE2-5429-4EDA-B4D3-603EA9EEB9A8}.Release|Win32.ActiveCfg = Release|Win32
		{9DA53BE2-5429-4EDA-B4D3-603EA9EEB9A8}.Release|Win32.Build.0 = Release|Win32
		{A37D6EF8-CB7D-4CE2-AC73-5D1ACE39A833}.Debug|Win32.ActiveCfg = Debug|Win32
		{A37D6EF8-CB7D-4CE2-AC73-5D1ACE39A833}.Debug|Win32.Build.0 = Debug|Win32
		{A37D6EF8-CB7D-4CE2-AC73-5D1ACE39A833}.Release|Win32.ActiveCfg = Release|Win32
		{A37D6EF8-CB7D-4CE2-AC73-5D1ACE39A833}.Release|Win32.Build.0 = Release|Win32
	EndGlobalSection
	GlobalSection(SolutionProperties) = preSolution
		HideSolutionNode = FALSE
	EndGlobalSection
EndGlobal
